// !$*UTF8*$!
{
	archiveVersion = 1;
	classes = {
	};
	objectVersion = 46;
	objects = {

/* Begin PBXBuildFile section */
		0BC91CD11B5572790051200E /* TopRefreshView.m in Sources */ = {isa = PBXBuildFile; fileRef = 0BEF75F41B468ED700BCCF8A /* TopRefreshView.m */; };
		0BCC6ED51B46959D00749B53 /* PullRefreshImageView.m in Sources */ = {isa = PBXBuildFile; fileRef = 0BCC6ED41B46959D00749B53 /* PullRefreshImageView.m */; };
		0BEF75D01B459B7600BCCF8A /* main.m in Sources */ = {isa = PBXBuildFile; fileRef = 0BEF75CF1B459B7600BCCF8A /* main.m */; };
		0BEF75D31B459B7600BCCF8A /* AppDelegate.m in Sources */ = {isa = PBXBuildFile; fileRef = 0BEF75D21B459B7600BCCF8A /* AppDelegate.m */; };
		0BEF75D61B459B7600BCCF8A /* ViewController.m in Sources */ = {isa = PBXBuildFile; fileRef = 0BEF75D51B459B7600BCCF8A /* ViewController.m */; };
		0BEF75D91B459B7600BCCF8A /* Main.storyboard in Resources */ = {isa = PBXBuildFile; fileRef = 0BEF75D71B459B7600BCCF8A /* Main.storyboard */; };
		0BEF75DB1B459B7600BCCF8A /* Images.xcassets in Resources */ = {isa = PBXBuildFile; fileRef = 0BEF75DA1B459B7600BCCF8A /* Images.xcassets */; };
		0BEF75DE1B459B7600BCCF8A /* LaunchScreen.xib in Resources */ = {isa = PBXBuildFile; fileRef = 0BEF75DC1B459B7600BCCF8A /* LaunchScreen.xib */; };
		0BEF75EA1B459B7600BCCF8A /* TestTopRefreshTests.m in Sources */ = {isa = PBXBuildFile; fileRef = 0BEF75E91B459B7600BCCF8A /* TestTopRefreshTests.m */; };
/* End PBXBuildFile section */

/* Begin PBXContainerItemProxy section */
		0BEF75E41B459B7600BCCF8A /* PBXContainerItemProxy */ = {
			isa = PBXContainerItemProxy;
			containerPortal = 0BEF75C21B459B7600BCCF8A /* Project object */;
			proxyType = 1;
			remoteGlobalIDString = 0BEF75C91B459B7600BCCF8A;
			remoteInfo = TestTopRefresh;
		};
/* End PBXContainerItemProxy section */

/* Begin PBXFileReference section */
		0BCC6ED31B46959D00749B53 /* PullRefreshImageView.h */ = {isa = PBXFileReference; fileEncoding = 4; lastKnownFileType = sourcecode.c.h; path = PullRefreshImageView.h; sourceTree = "<group>"; };
		0BCC6ED41B46959D00749B53 /* PullRefreshImageView.m */ = {isa = PBXFileReference; fileEncoding = 4; lastKnownFileType = sourcecode.c.objc; path = PullRefreshImageView.m; sourceTree = "<group>"; };
		0BEF75CA1B459B7600BCCF8A /* TestTopRefresh.app */ = {isa = PBXFileReference; explicitFileType = wrapper.application; includeInIndex = 0; path = TestTopRefresh.app; sourceTree = BUILT_PRODUCTS_DIR; };
		0BEF75CE1B459B7600BCCF8A /* Info.plist */ = {isa = PBXFileReference; lastKnownFileType = text.plist.xml; path = Info.plist; sourceTree = "<group>"; };
		0BEF75CF1B459B7600BCCF8A /* main.m */ = {isa = PBXFileReference; lastKnownFileType = sourcecode.c.objc; path = main.m; sourceTree = "<group>"; };
		0BEF75D11B459B7600BCCF8A /* AppDelegate.h */ = {isa = PBXFileReference; lastKnownFileType = sourcecode.c.h; path = AppDelegate.h; sourceTree = "<group>"; };
		0BEF75D21B459B7600BCCF8A /* AppDelegate.m */ = {isa = PBXFileReference; lastKnownFileType = sourcecode.c.objc; path = AppDelegate.m; sourceTree = "<group>"; };
		0BEF75D41B459B7600BCCF8A /* ViewController.h */ = {isa = PBXFileReference; lastKnownFileType = sourcecode.c.h; path = ViewController.h; sourceTree = "<group>"; };
		0BEF75D51B459B7600BCCF8A /* ViewController.m */ = {isa = PBXFileReference; lastKnownFileType = sourcecode.c.objc; path = ViewController.m; sourceTree = "<group>"; };
		0BEF75D81B459B7600BCCF8A /* Base */ = {isa = PBXFileReference; lastKnownFileType = file.storyboard; name = Base; path = Base.lproj/Main.storyboard; sourceTree = "<group>"; };
		0BEF75DA1B459B7600BCCF8A /* Images.xcassets */ = {isa = PBXFileReference; lastKnownFileType = folder.assetcatalog; path = Images.xcassets; sourceTree = "<group>"; };
		0BEF75DD1B459B7600BCCF8A /* Base */ = {isa = PBXFileReference; lastKnownFileType = file.xib; name = Base; path = Base.lproj/LaunchScreen.xib; sourceTree = "<group>"; };
		0BEF75E31B459B7600BCCF8A /* TestTopRefreshTests.xctest */ = {isa = PBXFileReference; explicitFileType = wrapper.cfbundle; includeInIndex = 0; path = TestTopRefreshTests.xctest; sourceTree = BUILT_PRODUCTS_DIR; };
		0BEF75E81B459B7600BCCF8A /* Info.plist */ = {isa = PBXFileReference; lastKnownFileType = text.plist.xml; path = Info.plist; sourceTree = "<group>"; };
		0BEF75E91B459B7600BCCF8A /* TestTopRefreshTests.m */ = {isa = PBXFileReference; lastKnownFileType = sourcecode.c.objc; path = TestTopRefreshTests.m; sourceTree = "<group>"; };
		0BEF75F31B468ED700BCCF8A /* TopRefreshView.h */ = {isa = PBXFileReference; fileEncoding = 4; lastKnownFileType = sourcecode.c.h; path = TopRefreshView.h; sourceTree = "<group>"; };
		0BEF75F41B468ED700BCCF8A /* TopRefreshView.m */ = {isa = PBXFileReference; fileEncoding = 4; lastKnownFileType = sourcecode.c.objc; path = TopRefreshView.m; sourceTree = "<group>"; };
/* End PBXFileReference section */

/* Begin PBXFrameworksBuildPhase section */
		0BEF75C71B459B7600BCCF8A /* Frameworks */ = {
			isa = PBXFrameworksBuildPhase;
			buildActionMask = 2147483647;
			files = (
			);
			runOnlyForDeploymentPostprocessing = 0;
		};
		0BEF75E01B459B7600BCCF8A /* Frameworks */ = {
			isa = PBXFrameworksBuildPhase;
			buildActionMask = 2147483647;
			files = (
			);
			runOnlyForDeploymentPostprocessing = 0;
		};
/* End PBXFrameworksBuildPhase section */

/* Begin PBXGroup section */
		0BEF75C11B459B7600BCCF8A = {
			isa = PBXGroup;
			children = (
				0BEF75F31B468ED700BCCF8A /* TopRefreshView.h */,
				0BEF75F41B468ED700BCCF8A /* TopRefreshView.m */,
				0BCC6ED31B46959D00749B53 /* PullRefreshImageView.h */,
				0BCC6ED41B46959D00749B53 /* PullRefreshImageView.m */,
				0BEF75CC1B459B7600BCCF8A /* TestTopRefresh */,
				0BEF75E61B459B7600BCCF8A /* TestTopRefreshTests */,
				0BEF75CB1B459B7600BCCF8A /* Products */,
			);
			sourceTree = "<group>";
		};
		0BEF75CB1B459B7600BCCF8A /* Products */ = {
			isa = PBXGroup;
			children = (
				0BEF75CA1B459B7600BCCF8A /* TestTopRefresh.app */,
				0BEF75E31B459B7600BCCF8A /* TestTopRefreshTests.xctest */,
			);
			name = Products;
			sourceTree = "<group>";
		};
		0BEF75CC1B459B7600BCCF8A /* TestTopRefresh */ = {
			isa = PBXGroup;
			children = (
				0BEF75D11B459B7600BCCF8A /* AppDelegate.h */,
				0BEF75D21B459B7600BCCF8A /* AppDelegate.m */,
				0BEF75D41B459B7600BCCF8A /* ViewController.h */,
				0BEF75D51B459B7600BCCF8A /* ViewController.m */,
				0BEF75D71B459B7600BCCF8A /* Main.storyboard */,
				0BEF75DA1B459B7600BCCF8A /* Images.xcassets */,
				0BEF75DC1B459B7600BCCF8A /* LaunchScreen.xib */,
				0BEF75CD1B459B7600BCCF8A /* Supporting Files */,
			);
			path = TestTopRefresh;
			sourceTree = "<group>";
		};
		0BEF75CD1B459B7600BCCF8A /* Supporting Files */ = {
			isa = PBXGroup;
			children = (
				0BEF75CE1B459B7600BCCF8A /* Info.plist */,
				0BEF75CF1B459B7600BCCF8A /* main.m */,
			);
			name = "Supporting Files";
			sourceTree = "<group>";
		};
		0BEF75E61B459B7600BCCF8A /* TestTopRefreshTests */ = {
			isa = PBXGroup;
			children = (
				0BEF75E91B459B7600BCCF8A /* TestTopRefreshTests.m */,
				0BEF75E71B459B7600BCCF8A /* Supporting Files */,
			);
			path = TestTopRefreshTests;
			sourceTree = "<group>";
		};
		0BEF75E71B459B7600BCCF8A /* Supporting Files */ = {
			isa = PBXGroup;
			children = (
				0BEF75E81B459B7600BCCF8A /* Info.plist */,
			);
			name = "Supporting Files";
			sourceTree = "<group>";
		};
/* End PBXGroup section */

/* Begin PBXNativeTarget section */
		0BEF75C91B459B7600BCCF8A /* TestTopRefresh */ = {
			isa = PBXNativeTarget;
			buildConfigurationList = 0BEF75ED1B459B7600BCCF8A /* Build configuration list for PBXNativeTarget "TestTopRefresh" */;
			buildPhases = (
				0BEF75C61B459B7600BCCF8A /* Sources */,
				0BEF75C71B459B7600BCCF8A /* Frameworks */,
				0BEF75C81B459B7600BCCF8A /* Resources */,
			);
			buildRules = (
			);
			dependencies = (
			);
			name = TestTopRefresh;
			productName = TestTopRefresh;
			productReference = 0BEF75CA1B459B7600BCCF8A /* TestTopRefresh.app */;
			productType = "com.apple.product-type.application";
		};
		0BEF75E21B459B7600BCCF8A /* TestTopRefreshTests */ = {
			isa = PBXNativeTarget;
			buildConfigurationList = 0BEF75F01B459B7600BCCF8A /* Build configuration list for PBXNativeTarget "TestTopRefreshTests" */;
			buildPhases = (
				0BEF75DF1B459B7600BCCF8A /* Sources */,
				0BEF75E01B459B7600BCCF8A /* Frameworks */,
				0BEF75E11B459B7600BCCF8A /* Resources */,
			);
			buildRules = (
			);
			dependencies = (
				0BEF75E51B459B7600BCCF8A /* PBXTargetDependency */,
			);
			name = TestTopRefreshTests;
			productName = TestTopRefreshTests;
			productReference = 0BEF75E31B459B7600BCCF8A /* TestTopRefreshTests.xctest */;
			productType = "com.apple.product-type.bundle.unit-test";
		};
/* End PBXNativeTarget section */

/* Begin PBXProject section */
		0BEF75C21B459B7600BCCF8A /* Project object */ = {
			isa = PBXProject;
			attributes = {
				LastUpgradeCheck = 0640;
				ORGANIZATIONNAME = yageek;
				TargetAttributes = {
					0BEF75C91B459B7600BCCF8A = {
						CreatedOnToolsVersion = 6.4;
					};
					0BEF75E21B459B7600BCCF8A = {
						CreatedOnToolsVersion = 6.4;
						TestTargetID = 0BEF75C91B459B7600BCCF8A;
					};
				};
			};
			buildConfigurationList = 0BEF75C51B459B7600BCCF8A /* Build configuration list for PBXProject "TestTopRefresh" */;
			compatibilityVersion = "Xcode 3.2";
			developmentRegion = English;
			hasScannedForEncodings = 0;
			knownRegions = (
				en,
				Base,
			);
			mainGroup = 0BEF75C11B459B7600BCCF8A;
			productRefGroup = 0BEF75CB1B459B7600BCCF8A /* Products */;
			projectDirPath = "";
			projectRoot = "";
			targets = (
				0BEF75C91B459B7600BCCF8A /* TestTopRefresh */,
				0BEF75E21B459B7600BCCF8A /* TestTopRefreshTests */,
			);
		};
/* End PBXProject section */

/* Begin PBXResourcesBuildPhase section */
		0BEF75C81B459B7600BCCF8A /* Resources */ = {
			isa = PBXResourcesBuildPhase;
			buildActionMask = 2147483647;
			files = (
				0BEF75D91B459B7600BCCF8A /* Main.storyboard in Resources */,
				0BEF75DE1B459B7600BCCF8A /* LaunchScreen.xib in Resources */,
				0BEF75DB1B459B7600BCCF8A /* Images.xcassets in Resources */,
			);
			runOnlyForDeploymentPostprocessing = 0;
		};
		0BEF75E11B459B7600BCCF8A /* Resources */ = {
			isa = PBXResourcesBuildPhase;
			buildActionMask = 2147483647;
			files = (
			);
			runOnlyForDeploymentPostprocessing = 0;
		};
/* End PBXResourcesBuildPhase section */

/* Begin PBXSourcesBuildPhase section */
		0BEF75C61B459B7600BCCF8A /* Sources */ = {
			isa = PBXSourcesBuildPhase;
			buildActionMask = 2147483647;
			files = (
				0BEF75D61B459B7600BCCF8A /* ViewController.m in Sources */,
				0BC91CD11B5572790051200E /* TopRefreshView.m in Sources */,
				0BEF75D31B459B7600BCCF8A /* AppDelegate.m in Sources */,
				0BEF75D01B459B7600BCCF8A /* main.m in Sources */,
				0BCC6ED51B46959D00749B53 /* PullRefreshImageView.m in Sources */,
			);
			runOnlyForDeploymentPostprocessing = 0;
		};
		0BEF75DF1B459B7600BCCF8A /* Sources */ = {
			isa = PBXSourcesBuildPhase;
			buildActionMask = 2147483647;
			files = (
				0BEF75EA1B459B7600BCCF8A /* TestTopRefreshTests.m in Sources */,
			);
			runOnlyForDeploymentPostprocessing = 0;
		};
/* End PBXSourcesBuildPhase section */

/* Begin PBXTargetDependency section */
		0BEF75E51B459B7600BCCF8A /* PBXTargetDependency */ = {
			isa = PBXTargetDependency;
			target = 0BEF75C91B459B7600BCCF8A /* TestTopRefresh */;
			targetProxy = 0BEF75E41B459B7600BCCF8A /* PBXContainerItemProxy */;
		};
/* End PBXTargetDependency section */

/* Begin PBXVariantGroup section */
		0BEF75D71B459B7600BCCF8A /* Main.storyboard */ = {
			isa = PBXVariantGroup;
			children = (
				0BEF75D81B459B7600BCCF8A /* Base */,
			);
			name = Main.storyboard;
			sourceTree = "<group>";
		};
		0BEF75DC1B459B7600BCCF8A /* LaunchScreen.xib */ = {
			isa = PBXVariantGroup;
			children = (
				0BEF75DD1B459B7600BCCF8A /* Base */,
			);
			name = LaunchScreen.xib;
			sourceTree = "<group>";
		};
/* End PBXVariantGroup section */

/* Begin XCBuildConfiguration section */
		0BEF75EB1B459B7600BCCF8A /* Debug */ = {
			isa = XCBuildConfiguration;
			buildSettings = {
				ALWAYS_SEARCH_USER_PATHS = NO;
				CLANG_CXX_LANGUAGE_STANDARD = "gnu++0x";
				CLANG_CXX_LIBRARY = "libc++";
				CLANG_ENABLE_MODULES = YES;
				CLANG_ENABLE_OBJC_ARC = YES;
				CLANG_WARN_BOOL_CONVERSION = YES;
				CLANG_WARN_CONSTANT_CONVERSION = YES;
				CLANG_WARN_DIRECT_OBJC_ISA_USAGE = YES_ERROR;
				CLANG_WARN_EMPTY_BODY = YES;
				CLANG_WARN_ENUM_CONVERSION = YES;
				CLANG_WARN_INT_CONVERSION = YES;
				CLANG_WARN_OBJC_ROOT_CLASS = YES_ERROR;
				CLANG_WARN_UNREACHABLE_CODE = YES;
				CLANG_WARN__DUPLICATE_METHOD_MATCH = YES;
				"CODE_SIGN_IDENTITY[sdk=iphoneos*]" = "iPhone Developer";
				COPY_PHASE_STRIP = NO;
				DEBUG_INFORMATION_FORMAT = "dwarf-with-dsym";
				ENABLE_STRICT_OBJC_MSGSEND = YES;
				GCC_C_LANGUAGE_STANDARD = gnu99;
				GCC_DYNAMIC_NO_PIC = NO;
				GCC_NO_COMMON_BLOCKS = YES;
				GCC_OPTIMIZATION_LEVEL = 0;
				GCC_PREPROCESSOR_DEFINITIONS = (
					"DEBUG=1",
					"$(inherited)",
				);
				GCC_SYMBOLS_PRIVATE_EXTERN = NO;
				GCC_WARN_64_TO_32_BIT_CONVERSION = YES;
				GCC_WARN_ABOUT_RETURN_TYPE = YES_ERROR;
				GCC_WARN_UNDECLARED_SELECTOR = YES;
				GCC_WARN_UNINITIALIZED_AUTOS = YES_AGGRESSIVE;
				GCC_WARN_UNUSED_FUNCTION = YES;
				GCC_WARN_UNUSED_VARIABLE = YES;
				IPHONEOS_DEPLOYMENT_TARGET = 8.4;
				MTL_ENABLE_DEBUG_INFO = YES;
				ONLY_ACTIVE_ARCH = YES;
				SDKROOT = iphoneos;
				TARGETED_DEVICE_FAMILY = "1,2";
			};
			name = Debug;
		};
		0BEF75EC1B459B7600BCCF8A /* Release */ = {
			isa = XCBuildConfiguration;
			buildSettings = {
				ALWAYS_SEARCH_USER_PATHS = NO;
				CLANG_CXX_LANGUAGE_STANDARD = "gnu++0x";
				CLANG_CXX_LIBRARY = "libc++";
				CLANG_ENABLE_MODULES = YES;
				CLANG_ENABLE_OBJC_ARC = YES;
				CLANG_WARN_BOOL_CONVERSION = YES;
				CLANG_WARN_CONSTANT_CONVERSION = YES;
				CLANG_WARN_DIRECT_OBJC_ISA_USAGE = YES_ERROR;
				CLANG_WARN_EMPTY_BODY = YES;
				CLANG_WARN_ENUM_CONVERSION = YES;
				CLANG_WARN_INT_CONVERSION = YES;
				CLANG_WARN_OBJC_ROOT_CLASS = YES_ERROR;
				CLANG_WARN_UNREACHABLE_CODE = YES;
				CLANG_WARN__DUPLICATE_METHOD_MATCH = YES;
				"CODE_SIGN_IDENTITY[sdk=iphoneos*]" = "iPhone Developer";
				COPY_PHASE_STRIP = NO;
				DEBUG_INFORMATION_FORMAT = "dwarf-with-dsym";
				ENABLE_NS_ASSERTIONS = NO;
				ENABLE_STRICT_OBJC_MSGSEND = YES;
				GCC_C_LANGUAGE_STANDARD = gnu99;
				GCC_NO_COMMON_BLOCKS = YES;
				GCC_WARN_64_TO_32_BIT_CONVERSION = YES;
				GCC_WARN_ABOUT_RETURN_TYPE = YES_ERROR;
				GCC_WARN_UNDECLARED_SELECTOR = YES;
				GCC_WARN_UNINITIALIZED_AUTOS = YES_AGGRESSIVE;
				GCC_WARN_UNUSED_FUNCTION = YES;
				GCC_WARN_UNUSED_VARIABLE = YES;
				IPHONEOS_DEPLOYMENT_TARGET = 8.4;
				MTL_ENABLE_DEBUG_INFO = NO;
				SDKROOT = iphoneos;
				TARGETED_DEVICE_FAMILY = "1,2";
				VALIDATE_PRODUCT = YES;
			};
			name = Release;
		};
		0BEF75EE1B459B7600BCCF8A /* Debug */ = {
			isa = XCBuildConfiguration;
			buildSettings = {
				ASSETCATALOG_COMPILER_APPICON_NAME = AppIcon;
				INFOPLIST_FILE = TestTopRefresh/Info.plist;
				LD_RUNPATH_SEARCH_PATHS = "$(inherited) @executable_path/Frameworks";
				PRODUCT_NAME = "$(TARGET_NAME)";
			};
			name = Debug;
		};
		0BEF75EF1B459B7600BCCF8A /* Release */ = {
			isa = XCBuildConfiguration;
			buildSettings = {
				ASSETCATALOG_COMPILER_APPICON_NAME = AppIcon;
				INFOPLIST_FILE = TestTopRefresh/Info.plist;
				LD_RUNPATH_SEARCH_PATHS = "$(inherited) @executable_path/Frameworks";
				PRODUCT_NAME = "$(TARGET_NAME)";
			};
			name = Release;
		};
		0BEF75F11B459B7600BCCF8A /* Debug */ = {
			isa = XCBuildConfiguration;
			buildSettings = {
				BUNDLE_LOADER = "$(TEST_HOST)";
				FRAMEWORK_SEARCH_PATHS = (
					"$(SDKROOT)/Developer/Library/Frameworks",
					"$(inherited)",
				);
				GCC_PREPROCESSOR_DEFINITIONS = (
					"DEBUG=1",
					"$(inherited)",
				);
				INFOPLIST_FILE = TestTopRefreshTests/Info.plist;
				LD_RUNPATH_SEARCH_PATHS = "$(inherited) @executable_path/Frameworks @loader_path/Frameworks";
				PRODUCT_NAME = "$(TARGET_NAME)";
				TEST_HOST = "$(BUILT_PRODUCTS_DIR)/TestTopRefresh.app/TestTopRefresh";
			};
			name = Debug;
		};
		0BEF75F21B459B7600BCCF8A /* Release */ = {
			isa = XCBuildConfiguration;
			buildSettings = {
				BUNDLE_LOADER = "$(TEST_HOST)";
				FRAMEWORK_SEARCH_PATHS = (
					"$(SDKROOT)/Developer/Library/Frameworks",
					"$(inherited)",
				);
				INFOPLIST_FILE = TestTopRefreshTests/Info.plist;
				LD_RUNPATH_SEARCH_PATHS = "$(inherited) @executable_path/Frameworks @loader_path/Frameworks";
				PRODUCT_NAME = "$(TARGET_NAME)";
				TEST_HOST = "$(BUILT_PRODUCTS_DIR)/TestTopRefresh.app/TestTopRefresh";
			};
			name = Release;
		};
/* End XCBuildConfiguration section */

/* Begin XCConfigurationList section */
		0BEF75C51B459B7600BCCF8A /* Build configuration list for PBXProject "TestTopRefresh" */ = {
			isa = XCConfigurationList;
			buildConfigurations = (
				0BEF75EB1B459B7600BCCF8A /* Debug */,
				0BEF75EC1B459B7600BCCF8A /* Release */,
			);
			defaultConfigurationIsVisible = 0;
			defaultConfigurationName = Release;
		};
		0BEF75ED1B459B7600BCCF8A /* Build configuration list for PBXNativeTarget "TestTopRefresh" */ = {
			isa = XCConfigurationList;
			buildConfigurations = (
				0BEF75EE1B459B7600BCCF8A /* Debug */,
				0BEF75EF1B459B7600BCCF8A /* Release */,
			);
			defaultConfigurationIsVisible = 0;
			defaultConfigurationName = Release;
		};
		0BEF75F01B459B7600BCCF8A /* Build configuration list for PBXNativeTarget "TestTopRefreshTests" */ = {
			isa = XCConfigurationList;
			buildConfigurations = (
				0BEF75F11B459B7600BCCF8A /* Debug */,
				0BEF75F21B459B7600BCCF8A /* Release */,
			);
			defaultConfigurationIsVisible = 0;
			defaultConfigurationName = Release;
		};
/* End XCConfigurationList section */
	};
	rootObject = 0BEF75C21B459B7600BCCF8A /* Project object */;
}
